
Microsoft Visual Studio Solution File, Format Version 12.00
# Visual Studio Version 16
VisualStudioVersion = 16.0.30907.101
MinimumVisualStudioVersion = 10.0.40219.1
Project("{9A19103F-16F7-4668-BE54-9A1E7A4F7556}") = "KataForum.WebApp", "KataForum.WebApp\KataForum.WebApp.csproj", "{37F13301-24D0-4632-8271-7ABDD6104075}"
EndProject
Project("{9A19103F-16F7-4668-BE54-9A1E7A4F7556}") = "KataForum.Data", "KataForum.Data\KataForum.Data.csproj", "{7785E354-ACBD-4455-B95A-F3D0F6EB3E25}"
EndProject
Project("{FAE04EC0-301F-11D3-BF4B-00C04F79EFBC}") = "KataForum.Service", "KataForum.Service\KataForum.Service.csproj", "{12D44EAB-2086-4BB6-9241-E0FCB82DFE41}"
EndProject
Project("{FAE04EC0-301F-11D3-BF4B-00C04F79EFBC}") = "KataForum.Tests", "KataForum.Tests\KataForum.Tests.csproj", "{502008F6-826C-45F1-ADE7-A9280C866BCE}"
EndProject
Global
	GlobalSection(SolutionConfigurationPlatforms) = preSolution
		Debug|Any CPU = Debug|Any CPU
		Release|Any CPU = Release|Any CPU
	EndGlobalSection
	GlobalSection(ProjectConfigurationPlatforms) = postSolution
		{37F13301-24D0-4632-8271-7ABDD6104075}.Debug|Any CPU.ActiveCfg = Debug|Any CPU
		{37F13301-24D0-4632-8271-7ABDD6104075}.Debug|Any CPU.Build.0 = Debug|Any CPU
		{37F13301-24D0-4632-8271-7ABDD6104075}.Release|Any CPU.ActiveCfg = Release|Any CPU
		{37F13301-24D0-4632-8271-7ABDD6104075}.Release|Any CPU.Build.0 = Release|Any CPU
		{7785E354-ACBD-4455-B95A-F3D0F6EB3E25}.Debug|Any CPU.ActiveCfg = Debug|Any CPU
		{7785E354-ACBD-4455-B95A-F3D0F6EB3E25}.Debug|Any CPU.Build.0 = Debug|Any CPU
		{7785E354-ACBD-4455-B95A-F3D0F6EB3E25}.Release|Any CPU.ActiveCfg = Release|Any CPU
		{7785E354-ACBD-4455-B95A-F3D0F6EB3E25}.Release|Any CPU.Build.0 = Release|Any CPU
		{12D44EAB-2086-4BB6-9241-E0FCB82DFE41}.Debug|Any CPU.ActiveCfg = Debug|Any CPU
		{12D44EAB-2086-4BB6-9241-E0FCB82DFE41}.Debug|Any CPU.Build.0 = Debug|Any CPU
		{12D44EAB-2086-4BB6-9241-E0FCB82DFE41}.Release|Any CPU.ActiveCfg = Release|Any CPU
		{12D44EAB-2086-4BB6-9241-E0FCB82DFE41}.Release|Any CPU.Build.0 = Release|Any CPU
		{502008F6-826C-45F1-ADE7-A9280C866BCE}.Debug|Any CPU.ActiveCfg = Debug|Any CPU
		{502008F6-826C-45F1-ADE7-A9280C866BCE}.Debug|Any CPU.Build.0 = Debug|Any CPU
		{502008F6-826C-45F1-ADE7-A9280C866BCE}.Release|Any CPU.ActiveCfg = Release|Any CPU
		{502008F6-826C-45F1-ADE7-A9280C866BCE}.Release|Any CPU.Build.0 = Release|Any CPU
	EndGlobalSection
	GlobalSection(SolutionProperties) = preSolution
		HideSolutionNode = FALSE
	EndGlobalSection
	GlobalSection(ExtensibilityGlobals) = postSolution
		SolutionGuid = {AFD966A4-C05B-4014-A16E-CDE7EDA97830}
	EndGlobalSection
EndGlobal
